
Microsoft Visual Studio Solution File, Format Version 12.00
# Visual Studio 15
VisualStudioVersion = 15.0.28307.902
MinimumVisualStudioVersion = 10.0.40219.1
Project("{FAE04EC0-301F-11D3-BF4B-00C04F79EFBC}") = "pacmanVTwo", "pacmanVTwo\pacmanVTwo.csproj", "{3EFDC58F-8014-49B7-98F4-FCA26BDBBC0B}"
EndProject
Global
	GlobalSection(SolutionConfigurationPlatforms) = preSolution
		Debug|Any CPU = Debug|Any CPU
		Release|Any CPU = Release|Any CPU
	EndGlobalSection
	GlobalSection(ProjectConfigurationPlatforms) = postSolution
		{3EFDC58F-8014-49B7-98F4-FCA26BDBBC0B}.Debug|Any CPU.ActiveCfg = Debug|Any CPU
		{3EFDC58F-8014-49B7-98F4-FCA26BDBBC0B}.Debug|Any CPU.Build.0 = Debug|Any CPU
		{3EFDC58F-8014-49B7-98F4-FCA26BDBBC0B}.Release|Any CPU.ActiveCfg = Release|Any CPU
		{3EFDC58F-8014-49B7-98F4-FCA26BDBBC0B}.Release|Any CPU.Build.0 = Release|Any CPU
	EndGlobalSection
	GlobalSection(SolutionProperties) = preSolution
		HideSolutionNode = FALSE
	EndGlobalSection
	GlobalSection(ExtensibilityGlobals) = postSolution
		SolutionGuid = {6AC2AC62-0D38-4C32-ABB4-2E17B48F1C2D}
	EndGlobalSection
EndGlobal
